
Microsoft Visual Studio Solution File, Format Version 12.00
# Visual Studio Version 16
VisualStudioVersion = 16.0.29209.62
MinimumVisualStudioVersion = 10.0.40219.1
Project("{FAE04EC0-301F-11D3-BF4B-00C04F79EFBC}") = "BookShelf", "BookShelf\BookShelf.csproj", "{8626B804-71C1-43B0-84AA-E9E2A8F83DDB}"
EndProject
Global
	GlobalSection(SolutionConfigurationPlatforms) = preSolution
		Debug|Any CPU = Debug|Any CPU
		Release|Any CPU = Release|Any CPU
	EndGlobalSection
	GlobalSection(ProjectConfigurationPlatforms) = postSolution
		{8626B804-71C1-43B0-84AA-E9E2A8F83DDB}.Debug|Any CPU.ActiveCfg = Debug|Any CPU
		{8626B804-71C1-43B0-84AA-E9E2A8F83DDB}.Debug|Any CPU.Build.0 = Debug|Any CPU
		{8626B804-71C1-43B0-84AA-E9E2A8F83DDB}.Release|Any CPU.ActiveCfg = Release|Any CPU
		{8626B804-71C1-43B0-84AA-E9E2A8F83DDB}.Release|Any CPU.Build.0 = Release|Any CPU
	EndGlobalSection
	GlobalSection(SolutionProperties) = preSolution
		HideSolutionNode = FALSE
	EndGlobalSection
	GlobalSection(ExtensibilityGlobals) = postSolution
		SolutionGuid = {5853382E-65FC-44F9-B8A1-6A8EAE3B5B0A}
	EndGlobalSection
EndGlobal
